
Microsoft Visual Studio Solution File, Format Version 12.00
# Visual Studio Version 16
VisualStudioVersion = 16.0.31624.102
MinimumVisualStudioVersion = 10.0.40219.1
Project("{FAE04EC0-301F-11D3-BF4B-00C04F79EFBC}") = "Streamish", "Streamish\Streamish.csproj", "{9AFA4273-4E4E-4F4E-A82A-3F4A6A16EA22}"
EndProject
Project("{FAE04EC0-301F-11D3-BF4B-00C04F79EFBC}") = "Streamish.Tests", "Streamish.Tests\Streamish.Tests.csproj", "{241F4BC7-4468-43C6-873C-B2435BF1D7ED}"
EndProject
Global
	GlobalSection(SolutionConfigurationPlatforms) = preSolution
		Debug|Any CPU = Debug|Any CPU
		Release|Any CPU = Release|Any CPU
	EndGlobalSection
	GlobalSection(ProjectConfigurationPlatforms) = postSolution
		{9AFA4273-4E4E-4F4E-A82A-3F4A6A16EA22}.Debug|Any CPU.ActiveCfg = Debug|Any CPU
		{9AFA4273-4E4E-4F4E-A82A-3F4A6A16EA22}.Debug|Any CPU.Build.0 = Debug|Any CPU
		{9AFA4273-4E4E-4F4E-A82A-3F4A6A16EA22}.Release|Any CPU.ActiveCfg = Release|Any CPU
		{9AFA4273-4E4E-4F4E-A82A-3F4A6A16EA22}.Release|Any CPU.Build.0 = Release|Any CPU
		{241F4BC7-4468-43C6-873C-B2435BF1D7ED}.Debug|Any CPU.ActiveCfg = Debug|Any CPU
		{241F4BC7-4468-43C6-873C-B2435BF1D7ED}.Debug|Any CPU.Build.0 = Debug|Any CPU
		{241F4BC7-4468-43C6-873C-B2435BF1D7ED}.Release|Any CPU.ActiveCfg = Release|Any CPU
		{241F4BC7-4468-43C6-873C-B2435BF1D7ED}.Release|Any CPU.Build.0 = Release|Any CPU
	EndGlobalSection
	GlobalSection(SolutionProperties) = preSolution
		HideSolutionNode = FALSE
	EndGlobalSection
	GlobalSection(ExtensibilityGlobals) = postSolution
		SolutionGuid = {6287C66B-5BA6-48B2-BFB1-2B098CE3B333}
	EndGlobalSection
EndGlobal
